<?xml version="1.0" encoding="utf-8"?>
<Project ToolsVersion="4.0" xmlns="http://schemas.microsoft.com/developer/msbuild/2003">
  <ItemGroup>
    <Filter Include="src">
      <UniqueIdentifier>{b0a5ec3a-c0e8-453b-875a-79aaefc8057f}</UniqueIdentifier>
    </Filter>
    <Filter Include="public">
      <UniqueIdentifier>{cee0c161-1ccb-4bb8-9835-09397f76eb1c}</UniqueIdentifier>
    </Filter>
    <Filter Include="common">
      <UniqueIdentifier>{a940ddd0-5be3-4fd4-af2d-36961a145293}</UniqueIdentifier>
    </Filter>
  </ItemGroup>
  <ItemGroup>
    <ClCompile Include="..\src\precompiled.cpp">
      <Filter>src</Filter>
    </ClCompile>
    <ClCompile Include="..\src\app_linux.cpp">
      <Filter>src</Filter>
    </ClCompile>
    <ClCompile Include="..\src\app_windows.cpp">
      <Filter>src</Filter>
    </ClCompile>
    <ClCompile Include="..\src\main.cpp">
      <Filter>src</Filter>
    </ClCompile>
    <ClCompile Include="..\..\..\dep\hlsdk\common\commandline.cpp">
      <Filter>common</Filter>
    </ClCompile>
    <ClCompile Include="..\..\..\dep\hlsdk\common\SteamAppStartUp.cpp">
      <Filter>common</Filter>
    </ClCompile>
    <ClCompile Include="..\..\..\dep\hlsdk\public\interface.cpp">
      <Filter>public</Filter>
    </ClCompile>
    <ClCompile Include="..\..\..\dep\hlsdk\public\registry.cpp">
      <Filter>public</Filter>
    </ClCompile>
  </ItemGroup>
  <ItemGroup>
    <ClInclude Include="..\src\precompiled.h">
      <Filter>src</Filter>
    </ClInclude>
    <ClInclude Include="..\..\..\dep\hlsdk\common\SteamAppStartUp.h">
      <Filter>common</Filter>
    </ClInclude>
    <ClInclude Include="..\..\..\dep\hlsdk\public\interface.h">
      <Filter>public</Filter>
    </ClInclude>
    <ClInclude Include="..\..\..\dep\hlsdk\public\iregistry.h">
      <Filter>public</Filter>
    </ClInclude>
  </ItemGroup>
  <ItemGroup>
    <ResourceCompile Include="launcher.rc">
      <Filter>src</Filter>
    </ResourceCompile>
  </ItemGroup>
</Project>