
Microsoft Visual Studio Solution File, Format Version 12.00
# Visual Studio 14
VisualStudioVersion = 14.0.25420.1
MinimumVisualStudioVersion = 10.0.40219.1
Project("{8BC9CEB8-8B4A-11D0-8D11-00A0C91BC942}") = "client", "..\hitboxtracker\client\msvc\client.vcxproj", "{0635BDCF-8622-4483-BEAE-0646D8184654}"
EndProject
Project("{8BC9CEB8-8B4A-11D0-8D11-00A0C91BC942}") = "server", "..\hitboxtracker\server\msvc\server.vcxproj", "{3A8F89BA-AA33-4C31-ABF8-C6FF243049D2}"
EndProject
Project("{8BC9CEB8-8B4A-11D0-8D11-00A0C91BC942}") = "launcher", "..\hitboxtracker\launcher\msvc\launcher.vcxproj", "{E324283B-70AB-4A32-BE41-AEF5101F655B}"
EndProject
Global
	GlobalSection(SolutionConfigurationPlatforms) = preSolution
		Debug|Win32 = Debug|Win32
		Release|Win32 = Release|Win32
	EndGlobalSection
	GlobalSection(ProjectConfigurationPlatforms) = postSolution
		{0635BDCF-8622-4483-BEAE-0646D8184654}.Debug|Win32.ActiveCfg = Debug|Win32
		{0635BDCF-8622-4483-BEAE-0646D8184654}.Debug|Win32.Build.0 = Debug|Win32
		{0635BDCF-8622-4483-BEAE-0646D8184654}.Release|Win32.ActiveCfg = Release|Win32
		{0635BDCF-8622-4483-BEAE-0646D8184654}.Release|Win32.Build.0 = Release|Win32
		{3A8F89BA-AA33-4C31-ABF8-C6FF243049D2}.Debug|Win32.ActiveCfg = Debug|Win32
		{3A8F89BA-AA33-4C31-ABF8-C6FF243049D2}.Debug|Win32.Build.0 = Debug|Win32
		{3A8F89BA-AA33-4C31-ABF8-C6FF243049D2}.Release|Win32.ActiveCfg = Release|Win32
		{3A8F89BA-AA33-4C31-ABF8-C6FF243049D2}.Release|Win32.Build.0 = Release|Win32
		{E324283B-70AB-4A32-BE41-AEF5101F655B}.Debug|Win32.ActiveCfg = Debug|Win32
		{E324283B-70AB-4A32-BE41-AEF5101F655B}.Debug|Win32.Build.0 = Debug|Win32
		{E324283B-70AB-4A32-BE41-AEF5101F655B}.Release|Win32.ActiveCfg = Release|Win32
		{E324283B-70AB-4A32-BE41-AEF5101F655B}.Release|Win32.Build.0 = Release|Win32
	EndGlobalSection
	GlobalSection(SolutionProperties) = preSolution
		HideSolutionNode = FALSE
	EndGlobalSection
EndGlobal
